
Microsoft Visual Studio Solution File, Format Version 12.00
# Visual Studio Version 17
VisualStudioVersion = 17.11.35312.102
MinimumVisualStudioVersion = 10.0.40219.1
Project("{FAE04EC0-301F-11D3-BF4B-00C04F79EFBC}") = "Presentacion", "Presentacion\Presentacion.csproj", "{51C930E9-10C4-4CD1-95A4-2D2E2D05E8A0}"
EndProject
Project("{FAE04EC0-301F-11D3-BF4B-00C04F79EFBC}") = "dominio", "domino\dominio.csproj", "{DF21CBFE-A3C0-4110-870D-570C76DBAC31}"
EndProject
Project("{FAE04EC0-301F-11D3-BF4B-00C04F79EFBC}") = "AccesoADatos", "AccesoADatos\AccesoADatos.csproj", "{0696A061-CF64-4328-9A1E-7F5B5F33BCEB}"
EndProject
Global
	GlobalSection(SolutionConfigurationPlatforms) = preSolution
		Debug|Any CPU = Debug|Any CPU
		Release|Any CPU = Release|Any CPU
	EndGlobalSection
	GlobalSection(ProjectConfigurationPlatforms) = postSolution
		{51C930E9-10C4-4CD1-95A4-2D2E2D05E8A0}.Debug|Any CPU.ActiveCfg = Debug|Any CPU
		{51C930E9-10C4-4CD1-95A4-2D2E2D05E8A0}.Debug|Any CPU.Build.0 = Debug|Any CPU
		{51C930E9-10C4-4CD1-95A4-2D2E2D05E8A0}.Release|Any CPU.ActiveCfg = Release|Any CPU
		{51C930E9-10C4-4CD1-95A4-2D2E2D05E8A0}.Release|Any CPU.Build.0 = Release|Any CPU
		{DF21CBFE-A3C0-4110-870D-570C76DBAC31}.Debug|Any CPU.ActiveCfg = Debug|Any CPU
		{DF21CBFE-A3C0-4110-870D-570C76DBAC31}.Debug|Any CPU.Build.0 = Debug|Any CPU
		{DF21CBFE-A3C0-4110-870D-570C76DBAC31}.Release|Any CPU.ActiveCfg = Release|Any CPU
		{DF21CBFE-A3C0-4110-870D-570C76DBAC31}.Release|Any CPU.Build.0 = Release|Any CPU
		{0696A061-CF64-4328-9A1E-7F5B5F33BCEB}.Debug|Any CPU.ActiveCfg = Debug|Any CPU
		{0696A061-CF64-4328-9A1E-7F5B5F33BCEB}.Debug|Any CPU.Build.0 = Debug|Any CPU
		{0696A061-CF64-4328-9A1E-7F5B5F33BCEB}.Release|Any CPU.ActiveCfg = Release|Any CPU
		{0696A061-CF64-4328-9A1E-7F5B5F33BCEB}.Release|Any CPU.Build.0 = Release|Any CPU
	EndGlobalSection
	GlobalSection(SolutionProperties) = preSolution
		HideSolutionNode = FALSE
	EndGlobalSection
	GlobalSection(ExtensibilityGlobals) = postSolution
		SolutionGuid = {B57CE9F4-C312-49D5-8D2E-F86B73471E88}
	EndGlobalSection
EndGlobal
